
Microsoft Visual Studio Solution File, Format Version 12.00
# Visual Studio Version 17
VisualStudioVersion = 17.2.32630.192
MinimumVisualStudioVersion = 10.0.40219.1
Project("{8BC9CEB8-8B4A-11D0-8D11-00A0C91BC942}") = "failiCi", "failiCi\failiCi.vcxproj", "{064CCBF7-4331-4CEC-85F0-6DF7C52CDF5C}"
EndProject
Global
	GlobalSection(SolutionConfigurationPlatforms) = preSolution
		Debug|x64 = Debug|x64
		Debug|x86 = Debug|x86
		Release|x64 = Release|x64
		Release|x86 = Release|x86
	EndGlobalSection
	GlobalSection(ProjectConfigurationPlatforms) = postSolution
		{064CCBF7-4331-4CEC-85F0-6DF7C52CDF5C}.Debug|x64.ActiveCfg = Debug|x64
		{064CCBF7-4331-4CEC-85F0-6DF7C52CDF5C}.Debug|x64.Build.0 = Debug|x64
		{064CCBF7-4331-4CEC-85F0-6DF7C52CDF5C}.Debug|x86.ActiveCfg = Debug|Win32
		{064CCBF7-4331-4CEC-85F0-6DF7C52CDF5C}.Debug|x86.Build.0 = Debug|Win32
		{064CCBF7-4331-4CEC-85F0-6DF7C52CDF5C}.Release|x64.ActiveCfg = Release|x64
		{064CCBF7-4331-4CEC-85F0-6DF7C52CDF5C}.Release|x64.Build.0 = Release|x64
		{064CCBF7-4331-4CEC-85F0-6DF7C52CDF5C}.Release|x86.ActiveCfg = Release|Win32
		{064CCBF7-4331-4CEC-85F0-6DF7C52CDF5C}.Release|x86.Build.0 = Release|Win32
	EndGlobalSection
	GlobalSection(SolutionProperties) = preSolution
		HideSolutionNode = FALSE
	EndGlobalSection
	GlobalSection(ExtensibilityGlobals) = postSolution
		SolutionGuid = {1A349E39-4AE7-41B8-8DEE-29D4CC16FAA1}
	EndGlobalSection
EndGlobal
